{
  "version": 4,
  "terraform_version": "1.8.1",
  "serial": 1,
  "lineage": "bc950a21-b451-7299-410f-539d1aad5a29",
  "outputs": {},
  "resources": [
    {
      "mode": "data",
      "type": "azurerm_network_interface",
      "name": "DevLabTF-NIC",
      "provider": "provider[\"registry.terraform.io/hashicorp/azurerm\"]",
      "instances": [
        {
          "schema_version": 0,
          "attributes": {
            "accelerated_networking_enabled": false,
            "applied_dns_servers": [],
            "dns_servers": [],
            "id": "/subscriptions/d40df8e9-d3c9-4a68-8333-af374546254c/resourceGroups/Multi_use_resource_group/providers/Microsoft.Network/networkInterfaces/Multi_Use_NC",
            "internal_dns_name_label": "",
            "ip_configuration": [
              {
                "application_gateway_backend_address_pools_ids": [],
                "application_security_group_ids": [],
                "gateway_load_balancer_frontend_ip_configuration_id": "",
                "load_balancer_backend_address_pools_ids": [],
                "load_balancer_inbound_nat_rules_ids": [],
                "name": "Ipv4config",
                "primary": true,
                "private_ip_address": "10.0.1.4",
                "private_ip_address_allocation": "Dynamic",
                "private_ip_address_version": "IPv4",
                "public_ip_address_id": "",
                "subnet_id": "/subscriptions/d40df8e9-d3c9-4a68-8333-af374546254c/resourceGroups/Multi_use_resource_group/providers/Microsoft.Network/virtualNetworks/Multi_Use_VNet/subnets/Multi_Use_SNet"
              }
            ],
            "ip_forwarding_enabled": false,
            "location": "eastus",
            "mac_address": "",
            "name": "Multi_Use_NC",
            "network_security_group_id": "",
            "private_ip_address": "10.0.1.4",
            "private_ip_addresses": [
              "10.0.1.4"
            ],
            "resource_group_name": "Multi_use_resource_group",
            "tags": {},
            "timeouts": null,
            "virtual_machine_id": ""
          },
          "sensitive_attributes": []
        }
      ]
    },
    {
      "mode": "data",
      "type": "azurerm_resource_group",
      "name": "DevLabTF-RG",
      "provider": "provider[\"registry.terraform.io/hashicorp/azurerm\"]",
      "instances": [
        {
          "schema_version": 0,
          "attributes": {
            "id": "/subscriptions/d40df8e9-d3c9-4a68-8333-af374546254c/resourceGroups/Multi_use_resource_group",
            "location": "eastus",
            "managed_by": "",
            "name": "Multi_use_resource_group",
            "tags": {
              "Group": "Multi_use_resource_group"
            },
            "timeouts": null
          },
          "sensitive_attributes": []
        }
      ]
    },
    {
      "mode": "data",
      "type": "azurerm_subnet",
      "name": "DevLabTF-Snet",
      "provider": "provider[\"registry.terraform.io/hashicorp/azurerm\"]",
      "instances": [
        {
          "schema_version": 0,
          "attributes": {
            "address_prefix": "",
            "address_prefixes": [
              "10.0.1.0/24"
            ],
            "default_outbound_access_enabled": false,
            "id": "/subscriptions/d40df8e9-d3c9-4a68-8333-af374546254c/resourceGroups/Multi_use_resource_group/providers/Microsoft.Network/virtualNetworks/Multi_Use_VNet/subnets/Multi_Use_SNet",
            "name": "Multi_Use_SNet",
            "network_security_group_id": "/subscriptions/d40df8e9-d3c9-4a68-8333-af374546254c/resourceGroups/Multi_use_resource_group/providers/Microsoft.Network/networkSecurityGroups/Multi_Use_NSG",
            "private_endpoint_network_policies": "Disabled",
            "private_link_service_network_policies_enabled": true,
            "resource_group_name": "Multi_use_resource_group",
            "route_table_id": "",
            "service_endpoints": [],
            "timeouts": null,
            "virtual_network_name": "Multi_Use_VNet"
          },
          "sensitive_attributes": []
        }
      ]
    },
    {
      "mode": "data",
      "type": "azurerm_virtual_network",
      "name": "DevLabTF-Vnet",
      "provider": "provider[\"registry.terraform.io/hashicorp/azurerm\"]",
      "instances": [
        {
          "schema_version": 0,
          "attributes": {
            "address_space": [
              "10.0.0.0/16"
            ],
            "dns_servers": null,
            "guid": "bae0e093-8c99-4c17-8e2a-4e00f97aa24d",
            "id": "/subscriptions/d40df8e9-d3c9-4a68-8333-af374546254c/resourceGroups/Multi_use_resource_group/providers/Microsoft.Network/virtualNetworks/Multi_Use_VNet",
            "location": "eastus",
            "name": "Multi_Use_VNet",
            "resource_group_name": "Multi_use_resource_group",
            "subnets": [
              "default",
              "Multi_Use_SNet"
            ],
            "tags": {},
            "timeouts": null,
            "vnet_peerings": {},
            "vnet_peerings_addresses": []
          },
          "sensitive_attributes": []
        }
      ]
    },
    {
      "mode": "managed",
      "type": "azurerm_linux_virtual_machine",
      "name": "DevLabTF-vm001",
      "provider": "provider[\"registry.terraform.io/hashicorp/azurerm\"]",
      "instances": [
        {
          "schema_version": 0,
          "attributes": {
            "additional_capabilities": [],
            "admin_password": "P@ssword456rV$",
            "admin_ssh_key": [],
            "admin_username": "adminqtecmai",
            "allow_extension_operations": true,
            "availability_set_id": "",
            "boot_diagnostics": [],
            "bypass_platform_safety_checks_on_user_schedule_enabled": false,
            "capacity_reservation_group_id": "",
            "computer_name": "TF-VM1",
            "custom_data": null,
            "dedicated_host_group_id": "",
            "dedicated_host_id": "",
            "disable_password_authentication": false,
            "disk_controller_type": "",
            "edge_zone": "",
            "encryption_at_host_enabled": false,
            "eviction_policy": "",
            "extensions_time_budget": "PT1H30M",
            "gallery_application": [],
            "id": "/subscriptions/d40df8e9-d3c9-4a68-8333-af374546254c/resourceGroups/Multi_use_resource_group/providers/Microsoft.Compute/virtualMachines/TF-VM1",
            "identity": [],
            "license_type": "",
            "location": "eastus",
            "max_bid_price": -1,
            "name": "TF-VM1",
            "network_interface_ids": [
              "/subscriptions/d40df8e9-d3c9-4a68-8333-af374546254c/resourceGroups/Multi_use_resource_group/providers/Microsoft.Network/networkInterfaces/Multi_Use_NC"
            ],
            "os_disk": [
              {
                "caching": "ReadWrite",
                "diff_disk_settings": [],
                "disk_encryption_set_id": "",
                "disk_size_gb": 30,
                "name": "TF-VM1_OsDisk_1_f480ad8e44d94037a46e24f68d7a9ad8",
                "secure_vm_disk_encryption_set_id": "",
                "security_encryption_type": "",
                "storage_account_type": "Standard_LRS",
                "write_accelerator_enabled": false
              }
            ],
            "os_image_notification": [],
            "patch_assessment_mode": "ImageDefault",
            "patch_mode": "ImageDefault",
            "plan": [],
            "platform_fault_domain": -1,
            "priority": "Regular",
            "private_ip_address": "10.0.1.4",
            "private_ip_addresses": [
              "10.0.1.4"
            ],
            "provision_vm_agent": true,
            "proximity_placement_group_id": "",
            "public_ip_address": "",
            "public_ip_addresses": [],
            "reboot_setting": "",
            "resource_group_name": "Multi_use_resource_group",
            "secret": [],
            "secure_boot_enabled": false,
            "size": "Standard_B1s",
            "source_image_id": "",
            "source_image_reference": [
              {
                "offer": "0001-com-ubuntu-server-jammy",
                "publisher": "Canonical",
                "sku": "22_04-lts",
                "version": "latest"
              }
            ],
            "tags": null,
            "termination_notification": null,
            "timeouts": null,
            "user_data": "",
            "virtual_machine_id": "6d469674-4349-4f1d-acd1-d20370f85ddd",
            "virtual_machine_scale_set_id": "",
            "vm_agent_platform_updates_enabled": false,
            "vtpm_enabled": false,
            "zone": ""
          },
          "sensitive_attributes": [
            [
              {
                "type": "get_attr",
                "value": "admin_password"
              }
            ],
            [
              {
                "type": "get_attr",
                "value": "custom_data"
              }
            ]
          ],
          "private": "eyJlMmJmYjczMC1lY2FhLTExZTYtOGY4OC0zNDM2M2JjN2M0YzAiOnsiY3JlYXRlIjoyNzAwMDAwMDAwMDAwLCJkZWxldGUiOjI3MDAwMDAwMDAwMDAsInJlYWQiOjMwMDAwMDAwMDAwMCwidXBkYXRlIjoyNzAwMDAwMDAwMDAwfX0=",
          "dependencies": [
            "data.azurerm_network_interface.DevLabTF-NIC",
            "data.azurerm_resource_group.DevLabTF-RG"
          ]
        }
      ]
    }
  ],
  "check_results": null
}
